// !$*UTF8*$!
{
	archiveVersion = 1;
	classes = {
	};
	objectVersion = 48;
	objects = {

/* Begin PBXBuildFile section */
		A5D33CDB1FB8E1890039BB79 /* SSRulesViewController.m in Sources */ = {isa = PBXBuildFile; fileRef = A5D33CD91FB8E1890039BB79 /* SSRulesViewController.m */; };
		A5D33CDC1FB8E1890039BB79 /* SSRulesViewController.xib in Resources */ = {isa = PBXBuildFile; fileRef = A5D33CDA1FB8E1890039BB79 /* SSRulesViewController.xib */; };
		A5D33CE81FBA38BA0039BB79 /* VLDContextSheetItemView.m in Sources */ = {isa = PBXBuildFile; fileRef = A5D33CE31FBA38BA0039BB79 /* VLDContextSheetItemView.m */; };
		A5D33CE91FBA38BA0039BB79 /* VLDContextSheetItem.m in Sources */ = {isa = PBXBuildFile; fileRef = A5D33CE41FBA38BA0039BB79 /* VLDContextSheetItem.m */; };
		A5D33CEA1FBA38BA0039BB79 /* VLDContextSheet.m in Sources */ = {isa = PBXBuildFile; fileRef = A5D33CE61FBA38BA0039BB79 /* VLDContextSheet.m */; };
		AC4366A51FB4DD3700A5A9E1 /* words.json in Resources */ = {isa = PBXBuildFile; fileRef = AC4366A41FB4DD3700A5A9E1 /* words.json */; };
		CE43869D1FBA225D004E53ED /* SSTimer.m in Sources */ = {isa = PBXBuildFile; fileRef = CE43869C1FBA225D004E53ED /* SSTimer.m */; };
		CEFE6C541FB0EE1700EA3CC3 /* AppDelegate.m in Sources */ = {isa = PBXBuildFile; fileRef = CEFE6C531FB0EE1700EA3CC3 /* AppDelegate.m */; };
		CEFE6C571FB0EE1700EA3CC3 /* ViewController.m in Sources */ = {isa = PBXBuildFile; fileRef = CEFE6C561FB0EE1700EA3CC3 /* ViewController.m */; };
		CEFE6C5A1FB0EE1700EA3CC3 /* Main.storyboard in Resources */ = {isa = PBXBuildFile; fileRef = CEFE6C581FB0EE1700EA3CC3 /* Main.storyboard */; };
		CEFE6C5C1FB0EE1700EA3CC3 /* Assets.xcassets in Resources */ = {isa = PBXBuildFile; fileRef = CEFE6C5B1FB0EE1700EA3CC3 /* Assets.xcassets */; };
		CEFE6C5F1FB0EE1700EA3CC3 /* LaunchScreen.storyboard in Resources */ = {isa = PBXBuildFile; fileRef = CEFE6C5D1FB0EE1700EA3CC3 /* LaunchScreen.storyboard */; };
		CEFE6C621FB0EE1700EA3CC3 /* main.m in Sources */ = {isa = PBXBuildFile; fileRef = CEFE6C611FB0EE1700EA3CC3 /* main.m */; };
		CEFE6C6C1FB0EE1700EA3CC3 /* SecretSpyTests.m in Sources */ = {isa = PBXBuildFile; fileRef = CEFE6C6B1FB0EE1700EA3CC3 /* SecretSpyTests.m */; };
		CEFE6C771FB0EE1700EA3CC3 /* SecretSpyUITests.m in Sources */ = {isa = PBXBuildFile; fileRef = CEFE6C761FB0EE1700EA3CC3 /* SecretSpyUITests.m */; };
		CEFE6C871FB0F41E00EA3CC3 /* SSGameSession.m in Sources */ = {isa = PBXBuildFile; fileRef = CEFE6C861FB0F41E00EA3CC3 /* SSGameSession.m */; };
		CEFE6C8A1FB0F47400EA3CC3 /* SSPlayer.m in Sources */ = {isa = PBXBuildFile; fileRef = CEFE6C891FB0F47400EA3CC3 /* SSPlayer.m */; };
		CEFE6C8E1FB36C7100EA3CC3 /* SSGameContainerViewController.m in Sources */ = {isa = PBXBuildFile; fileRef = CEFE6C8C1FB36C7100EA3CC3 /* SSGameContainerViewController.m */; };
		CEFE6C8F1FB36C7100EA3CC3 /* SSGameContainerViewController.xib in Resources */ = {isa = PBXBuildFile; fileRef = CEFE6C8D1FB36C7100EA3CC3 /* SSGameContainerViewController.xib */; };
		CEFE6C961FB38C5F00EA3CC3 /* Localizable.strings in Resources */ = {isa = PBXBuildFile; fileRef = CEFE6C981FB38C5F00EA3CC3 /* Localizable.strings */; };
/* End PBXBuildFile section */

/* Begin PBXContainerItemProxy section */
		CEFE6C681FB0EE1700EA3CC3 /* PBXContainerItemProxy */ = {
			isa = PBXContainerItemProxy;
			containerPortal = CEFE6C471FB0EE1700EA3CC3 /* Project object */;
			proxyType = 1;
			remoteGlobalIDString = CEFE6C4E1FB0EE1700EA3CC3;
			remoteInfo = SecretSpy;
		};
		CEFE6C731FB0EE1700EA3CC3 /* PBXContainerItemProxy */ = {
			isa = PBXContainerItemProxy;
			containerPortal = CEFE6C471FB0EE1700EA3CC3 /* Project object */;
			proxyType = 1;
			remoteGlobalIDString = CEFE6C4E1FB0EE1700EA3CC3;
			remoteInfo = SecretSpy;
		};
/* End PBXContainerItemProxy section */

/* Begin PBXFileReference section */
		A5D33CD81FB8E1890039BB79 /* SSRulesViewController.h */ = {isa = PBXFileReference; lastKnownFileType = sourcecode.c.h; path = SSRulesViewController.h; sourceTree = "<group>"; };
		A5D33CD91FB8E1890039BB79 /* SSRulesViewController.m */ = {isa = PBXFileReference; lastKnownFileType = sourcecode.c.objc; path = SSRulesViewController.m; sourceTree = "<group>"; };
		A5D33CDA1FB8E1890039BB79 /* SSRulesViewController.xib */ = {isa = PBXFileReference; lastKnownFileType = file.xib; path = SSRulesViewController.xib; sourceTree = "<group>"; };
		A5D33CE21FBA38BA0039BB79 /* VLDContextSheetItem.h */ = {isa = PBXFileReference; fileEncoding = 4; lastKnownFileType = sourcecode.c.h; name = VLDContextSheetItem.h; path = SecretSpy/Classes/VLDContextSheetItem.h; sourceTree = SOURCE_ROOT; };
		A5D33CE31FBA38BA0039BB79 /* VLDContextSheetItemView.m */ = {isa = PBXFileReference; fileEncoding = 4; lastKnownFileType = sourcecode.c.objc; name = VLDContextSheetItemView.m; path = SecretSpy/Classes/VLDContextSheetItemView.m; sourceTree = SOURCE_ROOT; };
		A5D33CE41FBA38BA0039BB79 /* VLDContextSheetItem.m */ = {isa = PBXFileReference; fileEncoding = 4; lastKnownFileType = sourcecode.c.objc; name = VLDContextSheetItem.m; path = SecretSpy/Classes/VLDContextSheetItem.m; sourceTree = SOURCE_ROOT; };
		A5D33CE51FBA38BA0039BB79 /* VLDContextSheet.h */ = {isa = PBXFileReference; fileEncoding = 4; lastKnownFileType = sourcecode.c.h; name = VLDContextSheet.h; path = SecretSpy/Classes/VLDContextSheet.h; sourceTree = SOURCE_ROOT; };
		A5D33CE61FBA38BA0039BB79 /* VLDContextSheet.m */ = {isa = PBXFileReference; fileEncoding = 4; lastKnownFileType = sourcecode.c.objc; name = VLDContextSheet.m; path = SecretSpy/Classes/VLDContextSheet.m; sourceTree = SOURCE_ROOT; };
		A5D33CE71FBA38BA0039BB79 /* VLDContextSheetItemView.h */ = {isa = PBXFileReference; fileEncoding = 4; lastKnownFileType = sourcecode.c.h; name = VLDContextSheetItemView.h; path = SecretSpy/Classes/VLDContextSheetItemView.h; sourceTree = SOURCE_ROOT; };
		AC4366A41FB4DD3700A5A9E1 /* words.json */ = {isa = PBXFileReference; lastKnownFileType = text.json; path = words.json; sourceTree = "<group>"; };
		CE43869B1FBA225D004E53ED /* SSTimer.h */ = {isa = PBXFileReference; lastKnownFileType = sourcecode.c.h; path = SSTimer.h; sourceTree = "<group>"; };
		CE43869C1FBA225D004E53ED /* SSTimer.m */ = {isa = PBXFileReference; lastKnownFileType = sourcecode.c.objc; path = SSTimer.m; sourceTree = "<group>"; };
		CEFE6C4F1FB0EE1700EA3CC3 /* SecretSpy.app */ = {isa = PBXFileReference; explicitFileType = wrapper.application; includeInIndex = 0; path = SecretSpy.app; sourceTree = BUILT_PRODUCTS_DIR; };
		CEFE6C521FB0EE1700EA3CC3 /* AppDelegate.h */ = {isa = PBXFileReference; lastKnownFileType = sourcecode.c.h; path = AppDelegate.h; sourceTree = "<group>"; };
		CEFE6C531FB0EE1700EA3CC3 /* AppDelegate.m */ = {isa = PBXFileReference; lastKnownFileType = sourcecode.c.objc; path = AppDelegate.m; sourceTree = "<group>"; };
		CEFE6C551FB0EE1700EA3CC3 /* ViewController.h */ = {isa = PBXFileReference; lastKnownFileType = sourcecode.c.h; path = ViewController.h; sourceTree = "<group>"; };
		CEFE6C561FB0EE1700EA3CC3 /* ViewController.m */ = {isa = PBXFileReference; lastKnownFileType = sourcecode.c.objc; path = ViewController.m; sourceTree = "<group>"; };
		CEFE6C591FB0EE1700EA3CC3 /* Base */ = {isa = PBXFileReference; lastKnownFileType = file.storyboard; name = Base; path = Base.lproj/Main.storyboard; sourceTree = "<group>"; };
		CEFE6C5B1FB0EE1700EA3CC3 /* Assets.xcassets */ = {isa = PBXFileReference; lastKnownFileType = folder.assetcatalog; path = Assets.xcassets; sourceTree = "<group>"; };
		CEFE6C5E1FB0EE1700EA3CC3 /* Base */ = {isa = PBXFileReference; lastKnownFileType = file.storyboard; name = Base; path = Base.lproj/LaunchScreen.storyboard; sourceTree = "<group>"; };
		CEFE6C601FB0EE1700EA3CC3 /* Info.plist */ = {isa = PBXFileReference; lastKnownFileType = text.plist.xml; path = Info.plist; sourceTree = "<group>"; };
		CEFE6C611FB0EE1700EA3CC3 /* main.m */ = {isa = PBXFileReference; lastKnownFileType = sourcecode.c.objc; path = main.m; sourceTree = "<group>"; };
		CEFE6C671FB0EE1700EA3CC3 /* SecretSpyTests.xctest */ = {isa = PBXFileReference; explicitFileType = wrapper.cfbundle; includeInIndex = 0; path = SecretSpyTests.xctest; sourceTree = BUILT_PRODUCTS_DIR; };
		CEFE6C6B1FB0EE1700EA3CC3 /* SecretSpyTests.m */ = {isa = PBXFileReference; lastKnownFileType = sourcecode.c.objc; path = SecretSpyTests.m; sourceTree = "<group>"; };
		CEFE6C6D1FB0EE1700EA3CC3 /* Info.plist */ = {isa = PBXFileReference; lastKnownFileType = text.plist.xml; path = Info.plist; sourceTree = "<group>"; };
		CEFE6C721FB0EE1700EA3CC3 /* SecretSpyUITests.xctest */ = {isa = PBXFileReference; explicitFileType = wrapper.cfbundle; includeInIndex = 0; path = SecretSpyUITests.xctest; sourceTree = BUILT_PRODUCTS_DIR; };
		CEFE6C761FB0EE1700EA3CC3 /* SecretSpyUITests.m */ = {isa = PBXFileReference; lastKnownFileType = sourcecode.c.objc; path = SecretSpyUITests.m; sourceTree = "<group>"; };
		CEFE6C781FB0EE1700EA3CC3 /* Info.plist */ = {isa = PBXFileReference; lastKnownFileType = text.plist.xml; path = Info.plist; sourceTree = "<group>"; };
		CEFE6C851FB0F41E00EA3CC3 /* SSGameSession.h */ = {isa = PBXFileReference; lastKnownFileType = sourcecode.c.h; path = SSGameSession.h; sourceTree = "<group>"; };
		CEFE6C861FB0F41E00EA3CC3 /* SSGameSession.m */ = {isa = PBXFileReference; lastKnownFileType = sourcecode.c.objc; path = SSGameSession.m; sourceTree = "<group>"; };
		CEFE6C881FB0F47400EA3CC3 /* SSPlayer.h */ = {isa = PBXFileReference; lastKnownFileType = sourcecode.c.h; path = SSPlayer.h; sourceTree = "<group>"; };
		CEFE6C891FB0F47400EA3CC3 /* SSPlayer.m */ = {isa = PBXFileReference; lastKnownFileType = sourcecode.c.objc; path = SSPlayer.m; sourceTree = "<group>"; };
		CEFE6C8B1FB36C7100EA3CC3 /* SSGameContainerViewController.h */ = {isa = PBXFileReference; lastKnownFileType = sourcecode.c.h; path = SSGameContainerViewController.h; sourceTree = "<group>"; };
		CEFE6C8C1FB36C7100EA3CC3 /* SSGameContainerViewController.m */ = {isa = PBXFileReference; lastKnownFileType = sourcecode.c.objc; path = SSGameContainerViewController.m; sourceTree = "<group>"; };
		CEFE6C8D1FB36C7100EA3CC3 /* SSGameContainerViewController.xib */ = {isa = PBXFileReference; lastKnownFileType = file.xib; path = SSGameContainerViewController.xib; sourceTree = "<group>"; };
		CEFE6C901FB38B6000EA3CC3 /* ru */ = {isa = PBXFileReference; lastKnownFileType = text.plist.strings; name = ru; path = ru.lproj/Main.strings; sourceTree = "<group>"; };
		CEFE6C911FB38B6000EA3CC3 /* ru */ = {isa = PBXFileReference; lastKnownFileType = text.plist.strings; name = ru; path = ru.lproj/LaunchScreen.strings; sourceTree = "<group>"; };
		CEFE6C921FB38BA200EA3CC3 /* hy */ = {isa = PBXFileReference; lastKnownFileType = text.plist.strings; name = hy; path = hy.lproj/Main.strings; sourceTree = "<group>"; };
		CEFE6C931FB38BA200EA3CC3 /* hy */ = {isa = PBXFileReference; lastKnownFileType = text.plist.strings; name = hy; path = hy.lproj/LaunchScreen.strings; sourceTree = "<group>"; };
		CEFE6C971FB38C5F00EA3CC3 /* en */ = {isa = PBXFileReference; lastKnownFileType = text.plist.strings; name = en; path = en.lproj/Localizable.strings; sourceTree = "<group>"; };
		CEFE6C991FB38C6200EA3CC3 /* ru */ = {isa = PBXFileReference; lastKnownFileType = text.plist.strings; name = ru; path = ru.lproj/Localizable.strings; sourceTree = "<group>"; };
		CEFE6C9A1FB38C6300EA3CC3 /* hy */ = {isa = PBXFileReference; lastKnownFileType = text.plist.strings; name = hy; path = hy.lproj/Localizable.strings; sourceTree = "<group>"; };
/* End PBXFileReference section */

/* Begin PBXFrameworksBuildPhase section */
		CEFE6C4C1FB0EE1700EA3CC3 /* Frameworks */ = {
			isa = PBXFrameworksBuildPhase;
			buildActionMask = 2147483647;
			files = (
			);
			runOnlyForDeploymentPostprocessing = 0;
		};
		CEFE6C641FB0EE1700EA3CC3 /* Frameworks */ = {
			isa = PBXFrameworksBuildPhase;
			buildActionMask = 2147483647;
			files = (
			);
			runOnlyForDeploymentPostprocessing = 0;
		};
		CEFE6C6F1FB0EE1700EA3CC3 /* Frameworks */ = {
			isa = PBXFrameworksBuildPhase;
			buildActionMask = 2147483647;
			files = (
			);
			runOnlyForDeploymentPostprocessing = 0;
		};
/* End PBXFrameworksBuildPhase section */

/* Begin PBXGroup section */
		A5D33CE11FBA38A40039BB79 /* contextItem */ = {
			isa = PBXGroup;
			children = (
				A5D33CE51FBA38BA0039BB79 /* VLDContextSheet.h */,
				A5D33CE61FBA38BA0039BB79 /* VLDContextSheet.m */,
				A5D33CE21FBA38BA0039BB79 /* VLDContextSheetItem.h */,
				A5D33CE41FBA38BA0039BB79 /* VLDContextSheetItem.m */,
				A5D33CE71FBA38BA0039BB79 /* VLDContextSheetItemView.h */,
				A5D33CE31FBA38BA0039BB79 /* VLDContextSheetItemView.m */,
			);
			path = contextItem;
			sourceTree = "<group>";
		};
		CEFE6C461FB0EE1700EA3CC3 = {
			isa = PBXGroup;
			children = (
				AC4366A41FB4DD3700A5A9E1 /* words.json */,
				CEFE6C981FB38C5F00EA3CC3 /* Localizable.strings */,
				CEFE6C511FB0EE1700EA3CC3 /* SecretSpy */,
				CEFE6C6A1FB0EE1700EA3CC3 /* SecretSpyTests */,
				CEFE6C751FB0EE1700EA3CC3 /* SecretSpyUITests */,
				CEFE6C501FB0EE1700EA3CC3 /* Products */,
			);
			sourceTree = "<group>";
		};
		CEFE6C501FB0EE1700EA3CC3 /* Products */ = {
			isa = PBXGroup;
			children = (
				CEFE6C4F1FB0EE1700EA3CC3 /* SecretSpy.app */,
				CEFE6C671FB0EE1700EA3CC3 /* SecretSpyTests.xctest */,
				CEFE6C721FB0EE1700EA3CC3 /* SecretSpyUITests.xctest */,
			);
			name = Products;
			sourceTree = "<group>";
		};
		CEFE6C511FB0EE1700EA3CC3 /* SecretSpy */ = {
			isa = PBXGroup;
			children = (
				CEFE6C841FB0EE4200EA3CC3 /* Classes */,
				CEFE6C521FB0EE1700EA3CC3 /* AppDelegate.h */,
				CEFE6C531FB0EE1700EA3CC3 /* AppDelegate.m */,
				CEFE6C551FB0EE1700EA3CC3 /* ViewController.h */,
				CEFE6C561FB0EE1700EA3CC3 /* ViewController.m */,
				CEFE6C581FB0EE1700EA3CC3 /* Main.storyboard */,
				CEFE6C5B1FB0EE1700EA3CC3 /* Assets.xcassets */,
				CEFE6C5D1FB0EE1700EA3CC3 /* LaunchScreen.storyboard */,
				CEFE6C601FB0EE1700EA3CC3 /* Info.plist */,
				CEFE6C611FB0EE1700EA3CC3 /* main.m */,
			);
			path = SecretSpy;
			sourceTree = "<group>";
		};
		CEFE6C6A1FB0EE1700EA3CC3 /* SecretSpyTests */ = {
			isa = PBXGroup;
			children = (
				CEFE6C6B1FB0EE1700EA3CC3 /* SecretSpyTests.m */,
				CEFE6C6D1FB0EE1700EA3CC3 /* Info.plist */,
			);
			path = SecretSpyTests;
			sourceTree = "<group>";
		};
		CEFE6C751FB0EE1700EA3CC3 /* SecretSpyUITests */ = {
			isa = PBXGroup;
			children = (
				CEFE6C761FB0EE1700EA3CC3 /* SecretSpyUITests.m */,
				CEFE6C781FB0EE1700EA3CC3 /* Info.plist */,
			);
			path = SecretSpyUITests;
			sourceTree = "<group>";
		};
		CEFE6C841FB0EE4200EA3CC3 /* Classes */ = {
			isa = PBXGroup;
			children = (
				A5D33CE11FBA38A40039BB79 /* contextItem */,
				CEFE6C851FB0F41E00EA3CC3 /* SSGameSession.h */,
				CEFE6C861FB0F41E00EA3CC3 /* SSGameSession.m */,
				CEFE6C881FB0F47400EA3CC3 /* SSPlayer.h */,
				CEFE6C891FB0F47400EA3CC3 /* SSPlayer.m */,
				CEFE6C8B1FB36C7100EA3CC3 /* SSGameContainerViewController.h */,
				CEFE6C8C1FB36C7100EA3CC3 /* SSGameContainerViewController.m */,
				CEFE6C8D1FB36C7100EA3CC3 /* SSGameContainerViewController.xib */,
				A5D33CD81FB8E1890039BB79 /* SSRulesViewController.h */,
				A5D33CD91FB8E1890039BB79 /* SSRulesViewController.m */,
				A5D33CDA1FB8E1890039BB79 /* SSRulesViewController.xib */,
				CE43869B1FBA225D004E53ED /* SSTimer.h */,
				CE43869C1FBA225D004E53ED /* SSTimer.m */,
			);
			path = Classes;
			sourceTree = "<group>";
		};
/* End PBXGroup section */

/* Begin PBXNativeTarget section */
		CEFE6C4E1FB0EE1700EA3CC3 /* SecretSpy */ = {
			isa = PBXNativeTarget;
			buildConfigurationList = CEFE6C7B1FB0EE1700EA3CC3 /* Build configuration list for PBXNativeTarget "SecretSpy" */;
			buildPhases = (
				CEFE6C4B1FB0EE1700EA3CC3 /* Sources */,
				CEFE6C4C1FB0EE1700EA3CC3 /* Frameworks */,
				CEFE6C4D1FB0EE1700EA3CC3 /* Resources */,
			);
			buildRules = (
			);
			dependencies = (
			);
			name = SecretSpy;
			productName = SecretSpy;
			productReference = CEFE6C4F1FB0EE1700EA3CC3 /* SecretSpy.app */;
			productType = "com.apple.product-type.application";
		};
		CEFE6C661FB0EE1700EA3CC3 /* SecretSpyTests */ = {
			isa = PBXNativeTarget;
			buildConfigurationList = CEFE6C7E1FB0EE1700EA3CC3 /* Build configuration list for PBXNativeTarget "SecretSpyTests" */;
			buildPhases = (
				CEFE6C631FB0EE1700EA3CC3 /* Sources */,
				CEFE6C641FB0EE1700EA3CC3 /* Frameworks */,
				CEFE6C651FB0EE1700EA3CC3 /* Resources */,
			);
			buildRules = (
			);
			dependencies = (
				CEFE6C691FB0EE1700EA3CC3 /* PBXTargetDependency */,
			);
			name = SecretSpyTests;
			productName = SecretSpyTests;
			productReference = CEFE6C671FB0EE1700EA3CC3 /* SecretSpyTests.xctest */;
			productType = "com.apple.product-type.bundle.unit-test";
		};
		CEFE6C711FB0EE1700EA3CC3 /* SecretSpyUITests */ = {
			isa = PBXNativeTarget;
			buildConfigurationList = CEFE6C811FB0EE1700EA3CC3 /* Build configuration list for PBXNativeTarget "SecretSpyUITests" */;
			buildPhases = (
				CEFE6C6E1FB0EE1700EA3CC3 /* Sources */,
				CEFE6C6F1FB0EE1700EA3CC3 /* Frameworks */,
				CEFE6C701FB0EE1700EA3CC3 /* Resources */,
			);
			buildRules = (
			);
			dependencies = (
				CEFE6C741FB0EE1700EA3CC3 /* PBXTargetDependency */,
			);
			name = SecretSpyUITests;
			productName = SecretSpyUITests;
			productReference = CEFE6C721FB0EE1700EA3CC3 /* SecretSpyUITests.xctest */;
			productType = "com.apple.product-type.bundle.ui-testing";
		};
/* End PBXNativeTarget section */

/* Begin PBXProject section */
		CEFE6C471FB0EE1700EA3CC3 /* Project object */ = {
			isa = PBXProject;
			attributes = {
				LastUpgradeCheck = 0910;
				ORGANIZATIONNAME = User;
				TargetAttributes = {
					CEFE6C4E1FB0EE1700EA3CC3 = {
						CreatedOnToolsVersion = 9.1;
						ProvisioningStyle = Automatic;
					};
					CEFE6C661FB0EE1700EA3CC3 = {
						CreatedOnToolsVersion = 9.1;
						ProvisioningStyle = Automatic;
						TestTargetID = CEFE6C4E1FB0EE1700EA3CC3;
					};
					CEFE6C711FB0EE1700EA3CC3 = {
						CreatedOnToolsVersion = 9.1;
						ProvisioningStyle = Automatic;
						TestTargetID = CEFE6C4E1FB0EE1700EA3CC3;
					};
				};
			};
			buildConfigurationList = CEFE6C4A1FB0EE1700EA3CC3 /* Build configuration list for PBXProject "SecretSpy" */;
			compatibilityVersion = "Xcode 8.0";
			developmentRegion = en;
			hasScannedForEncodings = 0;
			knownRegions = (
				en,
				Base,
				ru,
				hy,
			);
			mainGroup = CEFE6C461FB0EE1700EA3CC3;
			productRefGroup = CEFE6C501FB0EE1700EA3CC3 /* Products */;
			projectDirPath = "";
			projectRoot = "";
			targets = (
				CEFE6C4E1FB0EE1700EA3CC3 /* SecretSpy */,
				CEFE6C661FB0EE1700EA3CC3 /* SecretSpyTests */,
				CEFE6C711FB0EE1700EA3CC3 /* SecretSpyUITests */,
			);
		};
/* End PBXProject section */

/* Begin PBXResourcesBuildPhase section */
		CEFE6C4D1FB0EE1700EA3CC3 /* Resources */ = {
			isa = PBXResourcesBuildPhase;
			buildActionMask = 2147483647;
			files = (
				CEFE6C961FB38C5F00EA3CC3 /* Localizable.strings in Resources */,
				CEFE6C8F1FB36C7100EA3CC3 /* SSGameContainerViewController.xib in Resources */,
				CEFE6C5F1FB0EE1700EA3CC3 /* LaunchScreen.storyboard in Resources */,
				A5D33CDC1FB8E1890039BB79 /* SSRulesViewController.xib in Resources */,
				AC4366A51FB4DD3700A5A9E1 /* words.json in Resources */,
				CEFE6C5C1FB0EE1700EA3CC3 /* Assets.xcassets in Resources */,
				CEFE6C5A1FB0EE1700EA3CC3 /* Main.storyboard in Resources */,
			);
			runOnlyForDeploymentPostprocessing = 0;
		};
		CEFE6C651FB0EE1700EA3CC3 /* Resources */ = {
			isa = PBXResourcesBuildPhase;
			buildActionMask = 2147483647;
			files = (
			);
			runOnlyForDeploymentPostprocessing = 0;
		};
		CEFE6C701FB0EE1700EA3CC3 /* Resources */ = {
			isa = PBXResourcesBuildPhase;
			buildActionMask = 2147483647;
			files = (
			);
			runOnlyForDeploymentPostprocessing = 0;
		};
/* End PBXResourcesBuildPhase section */

/* Begin PBXSourcesBuildPhase section */
		CEFE6C4B1FB0EE1700EA3CC3 /* Sources */ = {
			isa = PBXSourcesBuildPhase;
			buildActionMask = 2147483647;
			files = (
				CE43869D1FBA225D004E53ED /* SSTimer.m in Sources */,
				CEFE6C571FB0EE1700EA3CC3 /* ViewController.m in Sources */,
				CEFE6C621FB0EE1700EA3CC3 /* main.m in Sources */,
				A5D33CEA1FBA38BA0039BB79 /* VLDContextSheet.m in Sources */,
				A5D33CE81FBA38BA0039BB79 /* VLDContextSheetItemView.m in Sources */,
				CEFE6C871FB0F41E00EA3CC3 /* SSGameSession.m in Sources */,
				CEFE6C541FB0EE1700EA3CC3 /* AppDelegate.m in Sources */,
				A5D33CE91FBA38BA0039BB79 /* VLDContextSheetItem.m in Sources */,
				CEFE6C8E1FB36C7100EA3CC3 /* SSGameContainerViewController.m in Sources */,
				A5D33CDB1FB8E1890039BB79 /* SSRulesViewController.m in Sources */,
				CEFE6C8A1FB0F47400EA3CC3 /* SSPlayer.m in Sources */,
			);
			runOnlyForDeploymentPostprocessing = 0;
		};
		CEFE6C631FB0EE1700EA3CC3 /* Sources */ = {
			isa = PBXSourcesBuildPhase;
			buildActionMask = 2147483647;
			files = (
				CEFE6C6C1FB0EE1700EA3CC3 /* SecretSpyTests.m in Sources */,
			);
			runOnlyForDeploymentPostprocessing = 0;
		};
		CEFE6C6E1FB0EE1700EA3CC3 /* Sources */ = {
			isa = PBXSourcesBuildPhase;
			buildActionMask = 2147483647;
			files = (
				CEFE6C771FB0EE1700EA3CC3 /* SecretSpyUITests.m in Sources */,
			);
			runOnlyForDeploymentPostprocessing = 0;
		};
/* End PBXSourcesBuildPhase section */

/* Begin PBXTargetDependency section */
		CEFE6C691FB0EE1700EA3CC3 /* PBXTargetDependency */ = {
			isa = PBXTargetDependency;
			target = CEFE6C4E1FB0EE1700EA3CC3 /* SecretSpy */;
			targetProxy = CEFE6C681FB0EE1700EA3CC3 /* PBXContainerItemProxy */;
		};
		CEFE6C741FB0EE1700EA3CC3 /* PBXTargetDependency */ = {
			isa = PBXTargetDependency;
			target = CEFE6C4E1FB0EE1700EA3CC3 /* SecretSpy */;
			targetProxy = CEFE6C731FB0EE1700EA3CC3 /* PBXContainerItemProxy */;
		};
/* End PBXTargetDependency section */

/* Begin PBXVariantGroup section */
		CEFE6C581FB0EE1700EA3CC3 /* Main.storyboard */ = {
			isa = PBXVariantGroup;
			children = (
				CEFE6C591FB0EE1700EA3CC3 /* Base */,
				CEFE6C901FB38B6000EA3CC3 /* ru */,
				CEFE6C921FB38BA200EA3CC3 /* hy */,
			);
			name = Main.storyboard;
			sourceTree = "<group>";
		};
		CEFE6C5D1FB0EE1700EA3CC3 /* LaunchScreen.storyboard */ = {
			isa = PBXVariantGroup;
			children = (
				CEFE6C5E1FB0EE1700EA3CC3 /* Base */,
				CEFE6C911FB38B6000EA3CC3 /* ru */,
				CEFE6C931FB38BA200EA3CC3 /* hy */,
			);
			name = LaunchScreen.storyboard;
			sourceTree = "<group>";
		};
		CEFE6C981FB38C5F00EA3CC3 /* Localizable.strings */ = {
			isa = PBXVariantGroup;
			children = (
				CEFE6C971FB38C5F00EA3CC3 /* en */,
				CEFE6C991FB38C6200EA3CC3 /* ru */,
				CEFE6C9A1FB38C6300EA3CC3 /* hy */,
			);
			name = Localizable.strings;
			sourceTree = "<group>";
		};
/* End PBXVariantGroup section */

/* Begin XCBuildConfiguration section */
		CEFE6C791FB0EE1700EA3CC3 /* Debug */ = {
			isa = XCBuildConfiguration;
			buildSettings = {
				ALWAYS_SEARCH_USER_PATHS = NO;
				CLANG_ANALYZER_LOCALIZABILITY_NONLOCALIZED = YES;
				CLANG_ANALYZER_NONNULL = YES;
				CLANG_ANALYZER_NUMBER_OBJECT_CONVERSION = YES_AGGRESSIVE;
				CLANG_CXX_LANGUAGE_STANDARD = "gnu++14";
				CLANG_CXX_LIBRARY = "libc++";
				CLANG_ENABLE_MODULES = YES;
				CLANG_ENABLE_OBJC_ARC = YES;
				CLANG_WARN_BLOCK_CAPTURE_AUTORELEASING = YES;
				CLANG_WARN_BOOL_CONVERSION = YES;
				CLANG_WARN_COMMA = YES;
				CLANG_WARN_CONSTANT_CONVERSION = YES;
				CLANG_WARN_DIRECT_OBJC_ISA_USAGE = YES_ERROR;
				CLANG_WARN_DOCUMENTATION_COMMENTS = YES;
				CLANG_WARN_EMPTY_BODY = YES;
				CLANG_WARN_ENUM_CONVERSION = YES;
				CLANG_WARN_INFINITE_RECURSION = YES;
				CLANG_WARN_INT_CONVERSION = YES;
				CLANG_WARN_NON_LITERAL_NULL_CONVERSION = YES;
				CLANG_WARN_OBJC_LITERAL_CONVERSION = YES;
				CLANG_WARN_OBJC_ROOT_CLASS = YES_ERROR;
				CLANG_WARN_RANGE_LOOP_ANALYSIS = YES;
				CLANG_WARN_STRICT_PROTOTYPES = YES;
				CLANG_WARN_SUSPICIOUS_MOVE = YES;
				CLANG_WARN_UNGUARDED_AVAILABILITY = YES_AGGRESSIVE;
				CLANG_WARN_UNREACHABLE_CODE = YES;
				CLANG_WARN__DUPLICATE_METHOD_MATCH = YES;
				CODE_SIGN_IDENTITY = "iPhone Developer";
				COPY_PHASE_STRIP = NO;
				DEBUG_INFORMATION_FORMAT = dwarf;
				ENABLE_STRICT_OBJC_MSGSEND = YES;
				ENABLE_TESTABILITY = YES;
				GCC_C_LANGUAGE_STANDARD = gnu11;
				GCC_DYNAMIC_NO_PIC = NO;
				GCC_NO_COMMON_BLOCKS = YES;
				GCC_OPTIMIZATION_LEVEL = 0;
				GCC_PREPROCESSOR_DEFINITIONS = (
					"DEBUG=1",
					"$(inherited)",
				);
				GCC_WARN_64_TO_32_BIT_CONVERSION = YES;
				GCC_WARN_ABOUT_RETURN_TYPE = YES_ERROR;
				GCC_WARN_UNDECLARED_SELECTOR = YES;
				GCC_WARN_UNINITIALIZED_AUTOS = YES_AGGRESSIVE;
				GCC_WARN_UNUSED_FUNCTION = YES;
				GCC_WARN_UNUSED_VARIABLE = YES;
				IPHONEOS_DEPLOYMENT_TARGET = 11.1;
				MTL_ENABLE_DEBUG_INFO = YES;
				ONLY_ACTIVE_ARCH = YES;
				SDKROOT = iphoneos;
			};
			name = Debug;
		};
		CEFE6C7A1FB0EE1700EA3CC3 /* Release */ = {
			isa = XCBuildConfiguration;
			buildSettings = {
				ALWAYS_SEARCH_USER_PATHS = NO;
				CLANG_ANALYZER_LOCALIZABILITY_NONLOCALIZED = YES;
				CLANG_ANALYZER_NONNULL = YES;
				CLANG_ANALYZER_NUMBER_OBJECT_CONVERSION = YES_AGGRESSIVE;
				CLANG_CXX_LANGUAGE_STANDARD = "gnu++14";
				CLANG_CXX_LIBRARY = "libc++";
				CLANG_ENABLE_MODULES = YES;
				CLANG_ENABLE_OBJC_ARC = YES;
				CLANG_WARN_BLOCK_CAPTURE_AUTORELEASING = YES;
				CLANG_WARN_BOOL_CONVERSION = YES;
				CLANG_WARN_COMMA = YES;
				CLANG_WARN_CONSTANT_CONVERSION = YES;
				CLANG_WARN_DIRECT_OBJC_ISA_USAGE = YES_ERROR;
				CLANG_WARN_DOCUMENTATION_COMMENTS = YES;
				CLANG_WARN_EMPTY_BODY = YES;
				CLANG_WARN_ENUM_CONVERSION = YES;
				CLANG_WARN_INFINITE_RECURSION = YES;
				CLANG_WARN_INT_CONVERSION = YES;
				CLANG_WARN_NON_LITERAL_NULL_CONVERSION = YES;
				CLANG_WARN_OBJC_LITERAL_CONVERSION = YES;
				CLANG_WARN_OBJC_ROOT_CLASS = YES_ERROR;
				CLANG_WARN_RANGE_LOOP_ANALYSIS = YES;
				CLANG_WARN_STRICT_PROTOTYPES = YES;
				CLANG_WARN_SUSPICIOUS_MOVE = YES;
				CLANG_WARN_UNGUARDED_AVAILABILITY = YES_AGGRESSIVE;
				CLANG_WARN_UNREACHABLE_CODE = YES;
				CLANG_WARN__DUPLICATE_METHOD_MATCH = YES;
				CODE_SIGN_IDENTITY = "iPhone Developer";
				COPY_PHASE_STRIP = NO;
				DEBUG_INFORMATION_FORMAT = "dwarf-with-dsym";
				ENABLE_NS_ASSERTIONS = NO;
				ENABLE_STRICT_OBJC_MSGSEND = YES;
				GCC_C_LANGUAGE_STANDARD = gnu11;
				GCC_NO_COMMON_BLOCKS = YES;
				GCC_WARN_64_TO_32_BIT_CONVERSION = YES;
				GCC_WARN_ABOUT_RETURN_TYPE = YES_ERROR;
				GCC_WARN_UNDECLARED_SELECTOR = YES;
				GCC_WARN_UNINITIALIZED_AUTOS = YES_AGGRESSIVE;
				GCC_WARN_UNUSED_FUNCTION = YES;
				GCC_WARN_UNUSED_VARIABLE = YES;
				IPHONEOS_DEPLOYMENT_TARGET = 11.1;
				MTL_ENABLE_DEBUG_INFO = NO;
				SDKROOT = iphoneos;
				VALIDATE_PRODUCT = YES;
			};
			name = Release;
		};
		CEFE6C7C1FB0EE1700EA3CC3 /* Debug */ = {
			isa = XCBuildConfiguration;
			buildSettings = {
				ASSETCATALOG_COMPILER_APPICON_NAME = AppIcon;
				CODE_SIGN_STYLE = Automatic;
				DEVELOPMENT_TEAM = XE2U8LQ2RB;
				INFOPLIST_FILE = SecretSpy/Info.plist;
				IPHONEOS_DEPLOYMENT_TARGET = 11.0;
				LD_RUNPATH_SEARCH_PATHS = "$(inherited) @executable_path/Frameworks";
				PRODUCT_BUNDLE_IDENTIFIER = com.SecretSpy;
				PRODUCT_NAME = "$(TARGET_NAME)";
				TARGETED_DEVICE_FAMILY = "1,2";
			};
			name = Debug;
		};
		CEFE6C7D1FB0EE1700EA3CC3 /* Release */ = {
			isa = XCBuildConfiguration;
			buildSettings = {
				ASSETCATALOG_COMPILER_APPICON_NAME = AppIcon;
				CODE_SIGN_STYLE = Automatic;
				DEVELOPMENT_TEAM = XE2U8LQ2RB;
				INFOPLIST_FILE = SecretSpy/Info.plist;
				IPHONEOS_DEPLOYMENT_TARGET = 11.0;
				LD_RUNPATH_SEARCH_PATHS = "$(inherited) @executable_path/Frameworks";
				PRODUCT_BUNDLE_IDENTIFIER = com.SecretSpy;
				PRODUCT_NAME = "$(TARGET_NAME)";
				TARGETED_DEVICE_FAMILY = "1,2";
			};
			name = Release;
		};
		CEFE6C7F1FB0EE1700EA3CC3 /* Debug */ = {
			isa = XCBuildConfiguration;
			buildSettings = {
				BUNDLE_LOADER = "$(TEST_HOST)";
				CODE_SIGN_STYLE = Automatic;
				INFOPLIST_FILE = SecretSpyTests/Info.plist;
				IPHONEOS_DEPLOYMENT_TARGET = 11.0;
				LD_RUNPATH_SEARCH_PATHS = "$(inherited) @executable_path/Frameworks @loader_path/Frameworks";
				PRODUCT_BUNDLE_IDENTIFIER = com.SecretSpyTests;
				PRODUCT_NAME = "$(TARGET_NAME)";
				TARGETED_DEVICE_FAMILY = "1,2";
				TEST_HOST = "$(BUILT_PRODUCTS_DIR)/SecretSpy.app/SecretSpy";
			};
			name = Debug;
		};
		CEFE6C801FB0EE1700EA3CC3 /* Release */ = {
			isa = XCBuildConfiguration;
			buildSettings = {
				BUNDLE_LOADER = "$(TEST_HOST)";
				CODE_SIGN_STYLE = Automatic;
				INFOPLIST_FILE = SecretSpyTests/Info.plist;
				IPHONEOS_DEPLOYMENT_TARGET = 11.0;
				LD_RUNPATH_SEARCH_PATHS = "$(inherited) @executable_path/Frameworks @loader_path/Frameworks";
				PRODUCT_BUNDLE_IDENTIFIER = com.SecretSpyTests;
				PRODUCT_NAME = "$(TARGET_NAME)";
				TARGETED_DEVICE_FAMILY = "1,2";
				TEST_HOST = "$(BUILT_PRODUCTS_DIR)/SecretSpy.app/SecretSpy";
			};
			name = Release;
		};
		CEFE6C821FB0EE1700EA3CC3 /* Debug */ = {
			isa = XCBuildConfiguration;
			buildSettings = {
				CODE_SIGN_STYLE = Automatic;
				INFOPLIST_FILE = SecretSpyUITests/Info.plist;
				IPHONEOS_DEPLOYMENT_TARGET = 11.0;
				LD_RUNPATH_SEARCH_PATHS = "$(inherited) @executable_path/Frameworks @loader_path/Frameworks";
				PRODUCT_BUNDLE_IDENTIFIER = com.SecretSpyUITests;
				PRODUCT_NAME = "$(TARGET_NAME)";
				TARGETED_DEVICE_FAMILY = "1,2";
				TEST_TARGET_NAME = SecretSpy;
			};
			name = Debug;
		};
		CEFE6C831FB0EE1700EA3CC3 /* Release */ = {
			isa = XCBuildConfiguration;
			buildSettings = {
				CODE_SIGN_STYLE = Automatic;
				INFOPLIST_FILE = SecretSpyUITests/Info.plist;
				IPHONEOS_DEPLOYMENT_TARGET = 11.0;
				LD_RUNPATH_SEARCH_PATHS = "$(inherited) @executable_path/Frameworks @loader_path/Frameworks";
				PRODUCT_BUNDLE_IDENTIFIER = com.SecretSpyUITests;
				PRODUCT_NAME = "$(TARGET_NAME)";
				TARGETED_DEVICE_FAMILY = "1,2";
				TEST_TARGET_NAME = SecretSpy;
			};
			name = Release;
		};
/* End XCBuildConfiguration section */

/* Begin XCConfigurationList section */
		CEFE6C4A1FB0EE1700EA3CC3 /* Build configuration list for PBXProject "SecretSpy" */ = {
			isa = XCConfigurationList;
			buildConfigurations = (
				CEFE6C791FB0EE1700EA3CC3 /* Debug */,
				CEFE6C7A1FB0EE1700EA3CC3 /* Release */,
			);
			defaultConfigurationIsVisible = 0;
			defaultConfigurationName = Release;
		};
		CEFE6C7B1FB0EE1700EA3CC3 /* Build configuration list for PBXNativeTarget "SecretSpy" */ = {
			isa = XCConfigurationList;
			buildConfigurations = (
				CEFE6C7C1FB0EE1700EA3CC3 /* Debug */,
				CEFE6C7D1FB0EE1700EA3CC3 /* Release */,
			);
			defaultConfigurationIsVisible = 0;
			defaultConfigurationName = Release;
		};
		CEFE6C7E1FB0EE1700EA3CC3 /* Build configuration list for PBXNativeTarget "SecretSpyTests" */ = {
			isa = XCConfigurationList;
			buildConfigurations = (
				CEFE6C7F1FB0EE1700EA3CC3 /* Debug */,
				CEFE6C801FB0EE1700EA3CC3 /* Release */,
			);
			defaultConfigurationIsVisible = 0;
			defaultConfigurationName = Release;
		};
		CEFE6C811FB0EE1700EA3CC3 /* Build configuration list for PBXNativeTarget "SecretSpyUITests" */ = {
			isa = XCConfigurationList;
			buildConfigurations = (
				CEFE6C821FB0EE1700EA3CC3 /* Debug */,
				CEFE6C831FB0EE1700EA3CC3 /* Release */,
			);
			defaultConfigurationIsVisible = 0;
			defaultConfigurationName = Release;
		};
/* End XCConfigurationList section */
	};
	rootObject = CEFE6C471FB0EE1700EA3CC3 /* Project object */;
}
